
Microsoft Visual Studio Solution File, Format Version 12.00
# Visual Studio Version 16
VisualStudioVersion = 16.0.29306.81
MinimumVisualStudioVersion = 10.0.40219.1
Project("{FAE04EC0-301F-11D3-BF4B-00C04F79EFBC}") = "WindowsFormsControlLibrary1", "WindowsFormsControlLibrary1\WindowsFormsControlLibrary1.csproj", "{F7C62E06-70E4-454C-B983-5984650B463D}"
EndProject
Global
	GlobalSection(SolutionConfigurationPlatforms) = preSolution
		Debug|Any CPU = Debug|Any CPU
		Release|Any CPU = Release|Any CPU
	EndGlobalSection
	GlobalSection(ProjectConfigurationPlatforms) = postSolution
		{F7C62E06-70E4-454C-B983-5984650B463D}.Debug|Any CPU.ActiveCfg = Debug|Any CPU
		{F7C62E06-70E4-454C-B983-5984650B463D}.Debug|Any CPU.Build.0 = Debug|Any CPU
		{F7C62E06-70E4-454C-B983-5984650B463D}.Release|Any CPU.ActiveCfg = Release|Any CPU
		{F7C62E06-70E4-454C-B983-5984650B463D}.Release|Any CPU.Build.0 = Release|Any CPU
	EndGlobalSection
	GlobalSection(SolutionProperties) = preSolution
		HideSolutionNode = FALSE
	EndGlobalSection
	GlobalSection(ExtensibilityGlobals) = postSolution
		SolutionGuid = {C2A4348F-1FD9-40E5-B891-B824B5626EA4}
	EndGlobalSection
EndGlobal
